// !$*UTF8*$!
{
	archiveVersion = 1;
	classes = {
	};
	objectVersion = 46;
	objects = {

/* Begin PBXBuildFile section */
		7236B4E11BAC0C6D0020529B /* Robolayout.swift in Sources */ = {isa = PBXBuildFile; fileRef = 72391B5E1B84711500F733AC /* Robolayout.swift */; };
		7236B4E41BAC0C6D0020529B /* Robolayout.h in Headers */ = {isa = PBXBuildFile; fileRef = 72391B561B8470F900F733AC /* Robolayout.h */; settings = {ATTRIBUTES = (Public, ); }; };
		72391B571B8470F900F733AC /* Robolayout.h in Headers */ = {isa = PBXBuildFile; fileRef = 72391B561B8470F900F733AC /* Robolayout.h */; settings = {ATTRIBUTES = (Public, ); }; };
		72391B5F1B84711500F733AC /* Robolayout.swift in Sources */ = {isa = PBXBuildFile; fileRef = 72391B5E1B84711500F733AC /* Robolayout.swift */; };
/* End PBXBuildFile section */

/* Begin PBXFileReference section */
		7236B4E91BAC0C6D0020529B /* Robolayout.framework */ = {isa = PBXFileReference; explicitFileType = wrapper.framework; includeInIndex = 0; path = Robolayout.framework; sourceTree = BUILT_PRODUCTS_DIR; };
		7236B4EA1BAC0C6E0020529B /* Robolayout tvOS.plist */ = {isa = PBXFileReference; lastKnownFileType = text.plist.xml; name = "Robolayout tvOS.plist"; path = "/Users/simonbs/Developer/Robolayout/Robolayout tvOS.plist"; sourceTree = "<absolute>"; };
		72391B531B8470F900F733AC /* Robolayout.framework */ = {isa = PBXFileReference; explicitFileType = wrapper.framework; includeInIndex = 0; path = Robolayout.framework; sourceTree = BUILT_PRODUCTS_DIR; };
		72391B561B8470F900F733AC /* Robolayout.h */ = {isa = PBXFileReference; lastKnownFileType = sourcecode.c.h; path = Robolayout.h; sourceTree = "<group>"; };
		72391B581B8470F900F733AC /* Info.plist */ = {isa = PBXFileReference; lastKnownFileType = text.plist.xml; path = Info.plist; sourceTree = "<group>"; };
		72391B5E1B84711500F733AC /* Robolayout.swift */ = {isa = PBXFileReference; fileEncoding = 4; lastKnownFileType = sourcecode.swift; path = Robolayout.swift; sourceTree = "<group>"; };
/* End PBXFileReference section */

/* Begin PBXFrameworksBuildPhase section */
		7236B4E21BAC0C6D0020529B /* Frameworks */ = {
			isa = PBXFrameworksBuildPhase;
			buildActionMask = 2147483647;
			files = (
			);
			runOnlyForDeploymentPostprocessing = 0;
		};
		72391B4F1B8470F900F733AC /* Frameworks */ = {
			isa = PBXFrameworksBuildPhase;
			buildActionMask = 2147483647;
			files = (
			);
			runOnlyForDeploymentPostprocessing = 0;
		};
/* End PBXFrameworksBuildPhase section */

/* Begin PBXGroup section */
		72391B491B8470F900F733AC = {
			isa = PBXGroup;
			children = (
				72391B551B8470F900F733AC /* Robolayout */,
				72391B541B8470F900F733AC /* Products */,
			);
			sourceTree = "<group>";
		};
		72391B541B8470F900F733AC /* Products */ = {
			isa = PBXGroup;
			children = (
				72391B531B8470F900F733AC /* Robolayout.framework */,
				7236B4E91BAC0C6D0020529B /* Robolayout.framework */,
			);
			name = Products;
			sourceTree = "<group>";
		};
		72391B551B8470F900F733AC /* Robolayout */ = {
			isa = PBXGroup;
			children = (
				72391B561B8470F900F733AC /* Robolayout.h */,
				72391B5E1B84711500F733AC /* Robolayout.swift */,
				72391B581B8470F900F733AC /* Info.plist */,
				7236B4EA1BAC0C6E0020529B /* Robolayout tvOS.plist */,
			);
			path = Robolayout;
			sourceTree = "<group>";
		};
/* End PBXGroup section */

/* Begin PBXHeadersBuildPhase section */
		7236B4E31BAC0C6D0020529B /* Headers */ = {
			isa = PBXHeadersBuildPhase;
			buildActionMask = 2147483647;
			files = (
				7236B4E41BAC0C6D0020529B /* Robolayout.h in Headers */,
			);
			runOnlyForDeploymentPostprocessing = 0;
		};
		72391B501B8470F900F733AC /* Headers */ = {
			isa = PBXHeadersBuildPhase;
			buildActionMask = 2147483647;
			files = (
				72391B571B8470F900F733AC /* Robolayout.h in Headers */,
			);
			runOnlyForDeploymentPostprocessing = 0;
		};
/* End PBXHeadersBuildPhase section */

/* Begin PBXNativeTarget section */
		7236B4DF1BAC0C6D0020529B /* Robolayout tvOS */ = {
			isa = PBXNativeTarget;
			buildConfigurationList = 7236B4E61BAC0C6D0020529B /* Build configuration list for PBXNativeTarget "Robolayout tvOS" */;
			buildPhases = (
				7236B4E01BAC0C6D0020529B /* Sources */,
				7236B4E21BAC0C6D0020529B /* Frameworks */,
				7236B4E31BAC0C6D0020529B /* Headers */,
				7236B4E51BAC0C6D0020529B /* Resources */,
			);
			buildRules = (
			);
			dependencies = (
			);
			name = "Robolayout tvOS";
			productName = Robolayout;
			productReference = 7236B4E91BAC0C6D0020529B /* Robolayout.framework */;
			productType = "com.apple.product-type.framework";
		};
		72391B521B8470F900F733AC /* Robolayout */ = {
			isa = PBXNativeTarget;
			buildConfigurationList = 72391B5B1B8470F900F733AC /* Build configuration list for PBXNativeTarget "Robolayout" */;
			buildPhases = (
				72391B4E1B8470F900F733AC /* Sources */,
				72391B4F1B8470F900F733AC /* Frameworks */,
				72391B501B8470F900F733AC /* Headers */,
				72391B511B8470F900F733AC /* Resources */,
			);
			buildRules = (
			);
			dependencies = (
			);
			name = Robolayout;
			productName = Robolayout;
			productReference = 72391B531B8470F900F733AC /* Robolayout.framework */;
			productType = "com.apple.product-type.framework";
		};
/* End PBXNativeTarget section */

/* Begin PBXProject section */
		72391B4A1B8470F900F733AC /* Project object */ = {
			isa = PBXProject;
			attributes = {
				LastSwiftUpdateCheck = 0700;
				LastUpgradeCheck = 0700;
				ORGANIZATIONNAME = Robocat;
				TargetAttributes = {
					72391B521B8470F900F733AC = {
						CreatedOnToolsVersion = 7.0;
					};
				};
			};
			buildConfigurationList = 72391B4D1B8470F900F733AC /* Build configuration list for PBXProject "Robolayout" */;
			compatibilityVersion = "Xcode 3.2";
			developmentRegion = English;
			hasScannedForEncodings = 0;
			knownRegions = (
				en,
			);
			mainGroup = 72391B491B8470F900F733AC;
			productRefGroup = 72391B541B8470F900F733AC /* Products */;
			projectDirPath = "";
			projectRoot = "";
			targets = (
				72391B521B8470F900F733AC /* Robolayout */,
				7236B4DF1BAC0C6D0020529B /* Robolayout tvOS */,
			);
		};
/* End PBXProject section */

/* Begin PBXResourcesBuildPhase section */
		7236B4E51BAC0C6D0020529B /* Resources */ = {
			isa = PBXResourcesBuildPhase;
			buildActionMask = 2147483647;
			files = (
			);
			runOnlyForDeploymentPostprocessing = 0;
		};
		72391B511B8470F900F733AC /* Resources */ = {
			isa = PBXResourcesBuildPhase;
			buildActionMask = 2147483647;
			files = (
			);
			runOnlyForDeploymentPostprocessing = 0;
		};
/* End PBXResourcesBuildPhase section */

/* Begin PBXSourcesBuildPhase section */
		7236B4E01BAC0C6D0020529B /* Sources */ = {
			isa = PBXSourcesBuildPhase;
			buildActionMask = 2147483647;
			files = (
				7236B4E11BAC0C6D0020529B /* Robolayout.swift in Sources */,
			);
			runOnlyForDeploymentPostprocessing = 0;
		};
		72391B4E1B8470F900F733AC /* Sources */ = {
			isa = PBXSourcesBuildPhase;
			buildActionMask = 2147483647;
			files = (
				72391B5F1B84711500F733AC /* Robolayout.swift in Sources */,
			);
			runOnlyForDeploymentPostprocessing = 0;
		};
/* End PBXSourcesBuildPhase section */

/* Begin XCBuildConfiguration section */
		7236B4E71BAC0C6D0020529B /* Debug */ = {
			isa = XCBuildConfiguration;
			buildSettings = {
				CLANG_ENABLE_MODULES = YES;
				DEFINES_MODULE = YES;
				DYLIB_COMPATIBILITY_VERSION = 1;
				DYLIB_CURRENT_VERSION = 1;
				DYLIB_INSTALL_NAME_BASE = "@rpath";
				INFOPLIST_FILE = "$(SRCROOT)/Robolayout tvOS.plist";
				INSTALL_PATH = "$(LOCAL_LIBRARY_DIR)/Frameworks";
				IPHONEOS_DEPLOYMENT_TARGET = 8.0;
				LD_RUNPATH_SEARCH_PATHS = "$(inherited) @executable_path/Frameworks @loader_path/Frameworks";
				PRODUCT_BUNDLE_IDENTIFIER = cat.robo.Robolayout;
				PRODUCT_NAME = Robolayout;
				SDKROOT = appletvos;
				SKIP_INSTALL = YES;
				SWIFT_OPTIMIZATION_LEVEL = "-Onone";
				TARGETED_DEVICE_FAMILY = 3;
				TVOS_DEPLOYMENT_TARGET = 9.0;
			};
			name = Debug;
		};
		7236B4E81BAC0C6D0020529B /* Release */ = {
			isa = XCBuildConfiguration;
			buildSettings = {
				CLANG_ENABLE_MODULES = YES;
				DEFINES_MODULE = YES;
				DYLIB_COMPATIBILITY_VERSION = 1;
				DYLIB_CURRENT_VERSION = 1;
				DYLIB_INSTALL_NAME_BASE = "@rpath";
				INFOPLIST_FILE = "$(SRCROOT)/Robolayout tvOS.plist";
				INSTALL_PATH = "$(LOCAL_LIBRARY_DIR)/Frameworks";
				IPHONEOS_DEPLOYMENT_TARGET = 8.0;
				LD_RUNPATH_SEARCH_PATHS = "$(inherited) @executable_path/Frameworks @loader_path/Frameworks";
				PRODUCT_BUNDLE_IDENTIFIER = cat.robo.Robolayout;
				PRODUCT_NAME = Robolayout;
				SDKROOT = appletvos;
				SKIP_INSTALL = YES;
				TARGETED_DEVICE_FAMILY = 3;
				TVOS_DEPLOYMENT_TARGET = 9.0;
			};
			name = Release;
		};
		72391B591B8470F900F733AC /* Debug */ = {
			isa = XCBuildConfiguration;
			buildSettings = {
				ALWAYS_SEARCH_USER_PATHS = NO;
				CLANG_CXX_LANGUAGE_STANDARD = "gnu++0x";
				CLANG_CXX_LIBRARY = "libc++";
				CLANG_ENABLE_MODULES = YES;
				CLANG_ENABLE_OBJC_ARC = YES;
				CLANG_WARN_BOOL_CONVERSION = YES;
				CLANG_WARN_CONSTANT_CONVERSION = YES;
				CLANG_WARN_DIRECT_OBJC_ISA_USAGE = YES_ERROR;
				CLANG_WARN_EMPTY_BODY = YES;
				CLANG_WARN_ENUM_CONVERSION = YES;
				CLANG_WARN_INT_CONVERSION = YES;
				CLANG_WARN_OBJC_ROOT_CLASS = YES_ERROR;
				CLANG_WARN_UNREACHABLE_CODE = YES;
				CLANG_WARN__DUPLICATE_METHOD_MATCH = YES;
				"CODE_SIGN_IDENTITY[sdk=iphoneos*]" = "iPhone Developer";
				COPY_PHASE_STRIP = NO;
				CURRENT_PROJECT_VERSION = 1;
				DEBUG_INFORMATION_FORMAT = dwarf;
				ENABLE_STRICT_OBJC_MSGSEND = YES;
				ENABLE_TESTABILITY = YES;
				GCC_C_LANGUAGE_STANDARD = gnu99;
				GCC_DYNAMIC_NO_PIC = NO;
				GCC_NO_COMMON_BLOCKS = YES;
				GCC_OPTIMIZATION_LEVEL = 0;
				GCC_PREPROCESSOR_DEFINITIONS = (
					"DEBUG=1",
					"$(inherited)",
				);
				GCC_WARN_64_TO_32_BIT_CONVERSION = YES;
				GCC_WARN_ABOUT_RETURN_TYPE = YES_ERROR;
				GCC_WARN_UNDECLARED_SELECTOR = YES;
				GCC_WARN_UNINITIALIZED_AUTOS = YES_AGGRESSIVE;
				GCC_WARN_UNUSED_FUNCTION = YES;
				GCC_WARN_UNUSED_VARIABLE = YES;
				IPHONEOS_DEPLOYMENT_TARGET = 9.0;
				MTL_ENABLE_DEBUG_INFO = YES;
				ONLY_ACTIVE_ARCH = YES;
				SDKROOT = iphoneos;
				SWIFT_OPTIMIZATION_LEVEL = "-Onone";
				TARGETED_DEVICE_FAMILY = "1,2";
				VERSIONING_SYSTEM = "apple-generic";
				VERSION_INFO_PREFIX = "";
			};
			name = Debug;
		};
		72391B5A1B8470F900F733AC /* Release */ = {
			isa = XCBuildConfiguration;
			buildSettings = {
				ALWAYS_SEARCH_USER_PATHS = NO;
				CLANG_CXX_LANGUAGE_STANDARD = "gnu++0x";
				CLANG_CXX_LIBRARY = "libc++";
				CLANG_ENABLE_MODULES = YES;
				CLANG_ENABLE_OBJC_ARC = YES;
				CLANG_WARN_BOOL_CONVERSION = YES;
				CLANG_WARN_CONSTANT_CONVERSION = YES;
				CLANG_WARN_DIRECT_OBJC_ISA_USAGE = YES_ERROR;
				CLANG_WARN_EMPTY_BODY = YES;
				CLANG_WARN_ENUM_CONVERSION = YES;
				CLANG_WARN_INT_CONVERSION = YES;
				CLANG_WARN_OBJC_ROOT_CLASS = YES_ERROR;
				CLANG_WARN_UNREACHABLE_CODE = YES;
				CLANG_WARN__DUPLICATE_METHOD_MATCH = YES;
				"CODE_SIGN_IDENTITY[sdk=iphoneos*]" = "iPhone Developer";
				COPY_PHASE_STRIP = NO;
				CURRENT_PROJECT_VERSION = 1;
				DEBUG_INFORMATION_FORMAT = "dwarf-with-dsym";
				ENABLE_NS_ASSERTIONS = NO;
				ENABLE_STRICT_OBJC_MSGSEND = YES;
				GCC_C_LANGUAGE_STANDARD = gnu99;
				GCC_NO_COMMON_BLOCKS = YES;
				GCC_WARN_64_TO_32_BIT_CONVERSION = YES;
				GCC_WARN_ABOUT_RETURN_TYPE = YES_ERROR;
				GCC_WARN_UNDECLARED_SELECTOR = YES;
				GCC_WARN_UNINITIALIZED_AUTOS = YES_AGGRESSIVE;
				GCC_WARN_UNUSED_FUNCTION = YES;
				GCC_WARN_UNUSED_VARIABLE = YES;
				IPHONEOS_DEPLOYMENT_TARGET = 9.0;
				MTL_ENABLE_DEBUG_INFO = NO;
				SDKROOT = iphoneos;
				TARGETED_DEVICE_FAMILY = "1,2";
				VALIDATE_PRODUCT = YES;
				VERSIONING_SYSTEM = "apple-generic";
				VERSION_INFO_PREFIX = "";
			};
			name = Release;
		};
		72391B5C1B8470F900F733AC /* Debug */ = {
			isa = XCBuildConfiguration;
			buildSettings = {
				CLANG_ENABLE_MODULES = YES;
				DEFINES_MODULE = YES;
				DYLIB_COMPATIBILITY_VERSION = 1;
				DYLIB_CURRENT_VERSION = 1;
				DYLIB_INSTALL_NAME_BASE = "@rpath";
				INFOPLIST_FILE = Robolayout/Info.plist;
				INSTALL_PATH = "$(LOCAL_LIBRARY_DIR)/Frameworks";
				IPHONEOS_DEPLOYMENT_TARGET = 8.0;
				LD_RUNPATH_SEARCH_PATHS = "$(inherited) @executable_path/Frameworks @loader_path/Frameworks";
				PRODUCT_BUNDLE_IDENTIFIER = cat.robo.Robolayout;
				PRODUCT_NAME = "$(TARGET_NAME)";
				SKIP_INSTALL = YES;
				SWIFT_OPTIMIZATION_LEVEL = "-Onone";
			};
			name = Debug;
		};
		72391B5D1B8470F900F733AC /* Release */ = {
			isa = XCBuildConfiguration;
			buildSettings = {
				CLANG_ENABLE_MODULES = YES;
				DEFINES_MODULE = YES;
				DYLIB_COMPATIBILITY_VERSION = 1;
				DYLIB_CURRENT_VERSION = 1;
				DYLIB_INSTALL_NAME_BASE = "@rpath";
				INFOPLIST_FILE = Robolayout/Info.plist;
				INSTALL_PATH = "$(LOCAL_LIBRARY_DIR)/Frameworks";
				IPHONEOS_DEPLOYMENT_TARGET = 8.0;
				LD_RUNPATH_SEARCH_PATHS = "$(inherited) @executable_path/Frameworks @loader_path/Frameworks";
				PRODUCT_BUNDLE_IDENTIFIER = cat.robo.Robolayout;
				PRODUCT_NAME = "$(TARGET_NAME)";
				SKIP_INSTALL = YES;
			};
			name = Release;
		};
/* End XCBuildConfiguration section */

/* Begin XCConfigurationList section */
		7236B4E61BAC0C6D0020529B /* Build configuration list for PBXNativeTarget "Robolayout tvOS" */ = {
			isa = XCConfigurationList;
			buildConfigurations = (
				7236B4E71BAC0C6D0020529B /* Debug */,
				7236B4E81BAC0C6D0020529B /* Release */,
			);
			defaultConfigurationIsVisible = 0;
			defaultConfigurationName = Release;
		};
		72391B4D1B8470F900F733AC /* Build configuration list for PBXProject "Robolayout" */ = {
			isa = XCConfigurationList;
			buildConfigurations = (
				72391B591B8470F900F733AC /* Debug */,
				72391B5A1B8470F900F733AC /* Release */,
			);
			defaultConfigurationIsVisible = 0;
			defaultConfigurationName = Release;
		};
		72391B5B1B8470F900F733AC /* Build configuration list for PBXNativeTarget "Robolayout" */ = {
			isa = XCConfigurationList;
			buildConfigurations = (
				72391B5C1B8470F900F733AC /* Debug */,
				72391B5D1B8470F900F733AC /* Release */,
			);
			defaultConfigurationIsVisible = 0;
			defaultConfigurationName = Release;
		};
/* End XCConfigurationList section */
	};
	rootObject = 72391B4A1B8470F900F733AC /* Project object */;
}
